
Microsoft Visual Studio Solution File, Format Version 12.00
# Visual Studio Version 17
VisualStudioVersion = 17.14.36518.9 d17.14
MinimumVisualStudioVersion = 10.0.40219.1
Project("{2150E333-8FDC-42A3-9474-1A3956D46DE8}") = "Task0", "Task0", "{02EA681E-C7D8-13C7-8484-4AC65E1B71E8}"
EndProject
Project("{FAE04EC0-301F-11D3-BF4B-00C04F79EFBC}") = "Tyuiu.SokolovaHS.Sprint5.Task0.V30", "Tyuiu.SokolovaHS.Sprint5.Task0.V30\Tyuiu.SokolovaHS.Sprint5.Task0.V30.csproj", "{FA85886C-B8A2-49A9-A4B5-8873960F5B66}"
EndProject
Project("{FAE04EC0-301F-11D3-BF4B-00C04F79EFBC}") = "Tyuiu.SokolovaHS.Sprint5.Task0.V30.Lib", "Tyuiu.SokolovaHS.Sprint5.Task0.V30.Lib\Tyuiu.SokolovaHS.Sprint5.Task0.V30.Lib.csproj", "{F3B1406D-C2F0-41D1-8A5B-7311DB77361B}"
EndProject
Project("{FAE04EC0-301F-11D3-BF4B-00C04F79EFBC}") = "Tyuiu.SokolovaHS.Sprint5.Task0.V30.Test", "Tyuiu.SokolovaHS.Sprint5.Task0.V30.Test\Tyuiu.SokolovaHS.Sprint5.Task0.V30.Test.csproj", "{C4FAAC70-DC50-4231-87F2-A37DF4F2A1E2}"
EndProject
Project("{2150E333-8FDC-42A3-9474-1A3956D46DE8}") = "Task1", "Task1", "{6E508F6E-08BF-409E-B69F-A4BA9ED31E85}"
EndProject
Project("{FAE04EC0-301F-11D3-BF4B-00C04F79EFBC}") = "Tyuiu.SokolovaHS.Sprint5.Task1.V14", "Tyuiu.SokolovaHS.Sprint5.Task1.V14\Tyuiu.SokolovaHS.Sprint5.Task1.V14.csproj", "{C6012A19-8324-431B-9B7A-F6C58C7DE331}"
EndProject
Project("{FAE04EC0-301F-11D3-BF4B-00C04F79EFBC}") = "Tyuiu.SokolovaHS.Sprint5.Task1.V14.Lib", "Tyuiu.SokolovaHS.Sprint5.Task1.V14.Lib\Tyuiu.SokolovaHS.Sprint5.Task1.V14.Lib.csproj", "{5F6AC228-1B1A-45B1-9F3B-B6CD34BCF80A}"
EndProject
Project("{FAE04EC0-301F-11D3-BF4B-00C04F79EFBC}") = "Tyuiu.SokolovaHS.Sprint5.Task1.V14.Test", "Tyuiu.SokolovaHS.Sprint5.Task1.V14.Test\Tyuiu.SokolovaHS.Sprint5.Task1.V14.Test.csproj", "{451E5AD7-D017-4825-990F-E1122A186656}"
EndProject
Project("{2150E333-8FDC-42A3-9474-1A3956D46DE8}") = "Task2", "Task2", "{61A373CD-76C7-42DB-AFF1-9DD691FBEB24}"
EndProject
Project("{FAE04EC0-301F-11D3-BF4B-00C04F79EFBC}") = "Tyuiu.SokolovaHS.Sprint5.Task2.V17", "Tyuiu.SokolovaHS.Sprint5.Task2.V17\Tyuiu.SokolovaHS.Sprint5.Task2.V17.csproj", "{C0326E30-875E-41FA-AE2F-74BEE29FAB5F}"
EndProject
Project("{FAE04EC0-301F-11D3-BF4B-00C04F79EFBC}") = "Tyuiu.SokolovaHS.Sprint5.Task2.V17.Lib", "Tyuiu.SokolovaHS.Sprint5.Task2.V17.Lib\Tyuiu.SokolovaHS.Sprint5.Task2.V17.Lib.csproj", "{62439692-C532-42FD-8A49-0B2886DA7988}"
EndProject
Project("{FAE04EC0-301F-11D3-BF4B-00C04F79EFBC}") = "Tyuiu.SokolovaHS.Sprint5.Task2.V17.Test", "Tyuiu.SokolovaHS.Sprint5.Task2.V17.Test\Tyuiu.SokolovaHS.Sprint5.Task2.V17.Test.csproj", "{62BC24DE-D067-46B5-8F3D-62E0410F2D0D}"
EndProject
Project("{2150E333-8FDC-42A3-9474-1A3956D46DE8}") = "Task3", "Task3", "{6368BDAD-0A28-4147-B425-0587504C152D}"
EndProject
Project("{FAE04EC0-301F-11D3-BF4B-00C04F79EFBC}") = "Tyuiu.SokolovaHS.Sprint5.Task3.V2", "Tyuiu.SokolovaHS.Sprint5.Task3.V2\Tyuiu.SokolovaHS.Sprint5.Task3.V2.csproj", "{50147E17-521D-49F0-8F7E-B6A4CD1C8ED7}"
EndProject
Project("{FAE04EC0-301F-11D3-BF4B-00C04F79EFBC}") = "Tyuiu.SokolovaHS.Sprint5.Task3.V2.Lib", "Tyuiu.SokolovaHS.Sprint5.Task3.V2.Lib\Tyuiu.SokolovaHS.Sprint5.Task3.V2.Lib.csproj", "{0E142D62-6DB7-4A7B-A0D3-FA02BE215CD9}"
EndProject
Project("{FAE04EC0-301F-11D3-BF4B-00C04F79EFBC}") = "Tyuiu.SokolovaHS.Sprint5.Task3.V2.Test", "Tyuiu.SokolovaHS.Sprint5.Task3.V2.Test\Tyuiu.SokolovaHS.Sprint5.Task3.V2.Test.csproj", "{9B661FB8-FD72-4FCB-8EBA-9AEE8668D0D7}"
EndProject
Project("{2150E333-8FDC-42A3-9474-1A3956D46DE8}") = "Task4", "Task4", "{6D01FCBF-0622-442B-9DF2-2F236CA4717D}"
EndProject
Project("{FAE04EC0-301F-11D3-BF4B-00C04F79EFBC}") = "Tyuiu.SokolovaHS.Sprint5.Task4.V15", "Tyuiu.SokolovaHS.Sprint5.Task4.V15\Tyuiu.SokolovaHS.Sprint5.Task4.V15.csproj", "{C2946E82-F3C3-48E2-8CD5-CEDE0E131A3C}"
EndProject
Project("{FAE04EC0-301F-11D3-BF4B-00C04F79EFBC}") = "Tyuiu.SokolovaHS.Sprint5.Task4.V15.Lib", "Tyuiu.SokolovaHS.Sprint5.Task4.V15.Lib\Tyuiu.SokolovaHS.Sprint5.Task4.V15.Lib.csproj", "{11D8A99C-23A4-4D53-B1A6-FA66E3927B8E}"
EndProject
Project("{FAE04EC0-301F-11D3-BF4B-00C04F79EFBC}") = "Tyuiu.SokolovaHS.Sprint5.Task4.V15.Test", "Tyuiu.SokolovaHS.Sprint5.Task4.V15.Test\Tyuiu.SokolovaHS.Sprint5.Task4.V15.Test.csproj", "{65772131-BDF4-4AD2-9D70-00F3C474770C}"
EndProject
Project("{2150E333-8FDC-42A3-9474-1A3956D46DE8}") = "Task5", "Task5", "{24E2BF51-FB44-4481-8574-65A2E19D356B}"
EndProject
Project("{FAE04EC0-301F-11D3-BF4B-00C04F79EFBC}") = "Tyuiu.SokolovaHS.Sprint5.Task5.V6", "Tyuiu.SokolovaHS.Sprint5.Task5.V6\Tyuiu.SokolovaHS.Sprint5.Task5.V6.csproj", "{19551829-4FCB-4B9F-8DA1-C18EAA70959E}"
EndProject
Project("{FAE04EC0-301F-11D3-BF4B-00C04F79EFBC}") = "Tyuiu.SokolovaHS.Sprint5.Task5.V6.Lib", "Tyuiu.SokolovaHS.Sprint5.Task5.V6.Lib\Tyuiu.SokolovaHS.Sprint5.Task5.V6.Lib.csproj", "{040C8ED9-2BF6-4FAF-B26D-2179AA85811C}"
EndProject
Project("{FAE04EC0-301F-11D3-BF4B-00C04F79EFBC}") = "Tyuiu.SokolovaHS.Sprint5.Task5.V6.Test", "Tyuiu.SokolovaHS.Sprint5.Task5.V6.Test\Tyuiu.SokolovaHS.Sprint5.Task5.V6.Test.csproj", "{2FB799B3-2400-4ADC-8C9D-2B5096EE5F7F}"
EndProject
Project("{2150E333-8FDC-42A3-9474-1A3956D46DE8}") = "Task6", "Task6", "{0D103EE2-637C-447B-BC15-5398FD461C11}"
EndProject
Project("{FAE04EC0-301F-11D3-BF4B-00C04F79EFBC}") = "Tyuiu.SokolovaHS.Sprint5.Task6.V17", "Tyuiu.SokolovaHS.Sprint5.Task6.V17\Tyuiu.SokolovaHS.Sprint5.Task6.V17.csproj", "{69C73C0D-D686-4543-A836-A2419738D9F5}"
EndProject
Project("{FAE04EC0-301F-11D3-BF4B-00C04F79EFBC}") = "Tyuiu.SokolovaHS.Sprint5.Task6.V17.Lib", "Tyuiu.SokolovaHS.Sprint5.Task6.V17.Lib\Tyuiu.SokolovaHS.Sprint5.Task6.V17.Lib.csproj", "{EC2F7350-D8B2-4051-A125-8B4B07932FF1}"
EndProject
Project("{FAE04EC0-301F-11D3-BF4B-00C04F79EFBC}") = "Tyuiu.SokolovaHS.Sprint5.Task6.V17.Test", "Tyuiu.SokolovaHS.Sprint5.Task6.V17.Test\Tyuiu.SokolovaHS.Sprint5.Task6.V17.Test.csproj", "{10DDA7E4-CD99-48BA-907B-AC36A3CADBE5}"
EndProject
Project("{2150E333-8FDC-42A3-9474-1A3956D46DE8}") = "Task7", "Task7", "{8C982215-8297-49D5-923B-E20E7E5C68F6}"
EndProject
Project("{FAE04EC0-301F-11D3-BF4B-00C04F79EFBC}") = "Tyuiu.SokolovaHS.Sprint5.Task7.V11", "Tyuiu.SokolovaHS.Sprint5.Task7.V11\Tyuiu.SokolovaHS.Sprint5.Task7.V11.csproj", "{33B1010D-B15C-4556-8725-BAE714E17EB2}"
EndProject
Project("{FAE04EC0-301F-11D3-BF4B-00C04F79EFBC}") = "Tyuiu.SokolovaHS.Sprint5.Task7.V11.Lib", "Tyuiu.SokolovaHS.Sprint5.Task7.V11.Lib\Tyuiu.SokolovaHS.Sprint5.Task7.V11.Lib.csproj", "{EADE889E-B051-4335-BAFE-8A7468FB2A22}"
EndProject
Project("{FAE04EC0-301F-11D3-BF4B-00C04F79EFBC}") = "Tyuiu.SokolovaHS.Sprint5.Task7.V11.Test", "Tyuiu.SokolovaHS.Sprint5.Task7.V11.Test\Tyuiu.SokolovaHS.Sprint5.Task7.V11.Test.csproj", "{7E325F7A-5733-4795-AAC4-37045D17785E}"
EndProject
Global
	GlobalSection(SolutionConfigurationPlatforms) = preSolution
		Debug|Any CPU = Debug|Any CPU
		Release|Any CPU = Release|Any CPU
	EndGlobalSection
	GlobalSection(ProjectConfigurationPlatforms) = postSolution
		{FA85886C-B8A2-49A9-A4B5-8873960F5B66}.Debug|Any CPU.ActiveCfg = Debug|Any CPU
		{FA85886C-B8A2-49A9-A4B5-8873960F5B66}.Debug|Any CPU.Build.0 = Debug|Any CPU
		{FA85886C-B8A2-49A9-A4B5-8873960F5B66}.Release|Any CPU.ActiveCfg = Release|Any CPU
		{FA85886C-B8A2-49A9-A4B5-8873960F5B66}.Release|Any CPU.Build.0 = Release|Any CPU
		{F3B1406D-C2F0-41D1-8A5B-7311DB77361B}.Debug|Any CPU.ActiveCfg = Debug|Any CPU
		{F3B1406D-C2F0-41D1-8A5B-7311DB77361B}.Debug|Any CPU.Build.0 = Debug|Any CPU
		{F3B1406D-C2F0-41D1-8A5B-7311DB77361B}.Release|Any CPU.ActiveCfg = Release|Any CPU
		{F3B1406D-C2F0-41D1-8A5B-7311DB77361B}.Release|Any CPU.Build.0 = Release|Any CPU
		{C4FAAC70-DC50-4231-87F2-A37DF4F2A1E2}.Debug|Any CPU.ActiveCfg = Debug|Any CPU
		{C4FAAC70-DC50-4231-87F2-A37DF4F2A1E2}.Debug|Any CPU.Build.0 = Debug|Any CPU
		{C4FAAC70-DC50-4231-87F2-A37DF4F2A1E2}.Release|Any CPU.ActiveCfg = Release|Any CPU
		{C4FAAC70-DC50-4231-87F2-A37DF4F2A1E2}.Release|Any CPU.Build.0 = Release|Any CPU
		{C6012A19-8324-431B-9B7A-F6C58C7DE331}.Debug|Any CPU.ActiveCfg = Debug|Any CPU
		{C6012A19-8324-431B-9B7A-F6C58C7DE331}.Debug|Any CPU.Build.0 = Debug|Any CPU
		{C6012A19-8324-431B-9B7A-F6C58C7DE331}.Release|Any CPU.ActiveCfg = Release|Any CPU
		{C6012A19-8324-431B-9B7A-F6C58C7DE331}.Release|Any CPU.Build.0 = Release|Any CPU
		{5F6AC228-1B1A-45B1-9F3B-B6CD34BCF80A}.Debug|Any CPU.ActiveCfg = Debug|Any CPU
		{5F6AC228-1B1A-45B1-9F3B-B6CD34BCF80A}.Debug|Any CPU.Build.0 = Debug|Any CPU
		{5F6AC228-1B1A-45B1-9F3B-B6CD34BCF80A}.Release|Any CPU.ActiveCfg = Release|Any CPU
		{5F6AC228-1B1A-45B1-9F3B-B6CD34BCF80A}.Release|Any CPU.Build.0 = Release|Any CPU
		{451E5AD7-D017-4825-990F-E1122A186656}.Debug|Any CPU.ActiveCfg = Debug|Any CPU
		{451E5AD7-D017-4825-990F-E1122A186656}.Debug|Any CPU.Build.0 = Debug|Any CPU
		{451E5AD7-D017-4825-990F-E1122A186656}.Release|Any CPU.ActiveCfg = Release|Any CPU
		{451E5AD7-D017-4825-990F-E1122A186656}.Release|Any CPU.Build.0 = Release|Any CPU
		{C0326E30-875E-41FA-AE2F-74BEE29FAB5F}.Debug|Any CPU.ActiveCfg = Debug|Any CPU
		{C0326E30-875E-41FA-AE2F-74BEE29FAB5F}.Debug|Any CPU.Build.0 = Debug|Any CPU
		{C0326E30-875E-41FA-AE2F-74BEE29FAB5F}.Release|Any CPU.ActiveCfg = Release|Any CPU
		{C0326E30-875E-41FA-AE2F-74BEE29FAB5F}.Release|Any CPU.Build.0 = Release|Any CPU
		{62439692-C532-42FD-8A49-0B2886DA7988}.Debug|Any CPU.ActiveCfg = Debug|Any CPU
		{62439692-C532-42FD-8A49-0B2886DA7988}.Debug|Any CPU.Build.0 = Debug|Any CPU
		{62439692-C532-42FD-8A49-0B2886DA7988}.Release|Any CPU.ActiveCfg = Release|Any CPU
		{62439692-C532-42FD-8A49-0B2886DA7988}.Release|Any CPU.Build.0 = Release|Any CPU
		{62BC24DE-D067-46B5-8F3D-62E0410F2D0D}.Debug|Any CPU.ActiveCfg = Debug|Any CPU
		{62BC24DE-D067-46B5-8F3D-62E0410F2D0D}.Debug|Any CPU.Build.0 = Debug|Any CPU
		{62BC24DE-D067-46B5-8F3D-62E0410F2D0D}.Release|Any CPU.ActiveCfg = Release|Any CPU
		{62BC24DE-D067-46B5-8F3D-62E0410F2D0D}.Release|Any CPU.Build.0 = Release|Any CPU
		{50147E17-521D-49F0-8F7E-B6A4CD1C8ED7}.Debug|Any CPU.ActiveCfg = Debug|Any CPU
		{50147E17-521D-49F0-8F7E-B6A4CD1C8ED7}.Debug|Any CPU.Build.0 = Debug|Any CPU
		{50147E17-521D-49F0-8F7E-B6A4CD1C8ED7}.Release|Any CPU.ActiveCfg = Release|Any CPU
		{50147E17-521D-49F0-8F7E-B6A4CD1C8ED7}.Release|Any CPU.Build.0 = Release|Any CPU
		{0E142D62-6DB7-4A7B-A0D3-FA02BE215CD9}.Debug|Any CPU.ActiveCfg = Debug|Any CPU
		{0E142D62-6DB7-4A7B-A0D3-FA02BE215CD9}.Debug|Any CPU.Build.0 = Debug|Any CPU
		{0E142D62-6DB7-4A7B-A0D3-FA02BE215CD9}.Release|Any CPU.ActiveCfg = Release|Any CPU
		{0E142D62-6DB7-4A7B-A0D3-FA02BE215CD9}.Release|Any CPU.Build.0 = Release|Any CPU
		{9B661FB8-FD72-4FCB-8EBA-9AEE8668D0D7}.Debug|Any CPU.ActiveCfg = Debug|Any CPU
		{9B661FB8-FD72-4FCB-8EBA-9AEE8668D0D7}.Debug|Any CPU.Build.0 = Debug|Any CPU
		{9B661FB8-FD72-4FCB-8EBA-9AEE8668D0D7}.Release|Any CPU.ActiveCfg = Release|Any CPU
		{9B661FB8-FD72-4FCB-8EBA-9AEE8668D0D7}.Release|Any CPU.Build.0 = Release|Any CPU
		{C2946E82-F3C3-48E2-8CD5-CEDE0E131A3C}.Debug|Any CPU.ActiveCfg = Debug|Any CPU
		{C2946E82-F3C3-48E2-8CD5-CEDE0E131A3C}.Debug|Any CPU.Build.0 = Debug|Any CPU
		{C2946E82-F3C3-48E2-8CD5-CEDE0E131A3C}.Release|Any CPU.ActiveCfg = Release|Any CPU
		{C2946E82-F3C3-48E2-8CD5-CEDE0E131A3C}.Release|Any CPU.Build.0 = Release|Any CPU
		{11D8A99C-23A4-4D53-B1A6-FA66E3927B8E}.Debug|Any CPU.ActiveCfg = Debug|Any CPU
		{11D8A99C-23A4-4D53-B1A6-FA66E3927B8E}.Debug|Any CPU.Build.0 = Debug|Any CPU
		{11D8A99C-23A4-4D53-B1A6-FA66E3927B8E}.Release|Any CPU.ActiveCfg = Release|Any CPU
		{11D8A99C-23A4-4D53-B1A6-FA66E3927B8E}.Release|Any CPU.Build.0 = Release|Any CPU
		{65772131-BDF4-4AD2-9D70-00F3C474770C}.Debug|Any CPU.ActiveCfg = Debug|Any CPU
		{65772131-BDF4-4AD2-9D70-00F3C474770C}.Debug|Any CPU.Build.0 = Debug|Any CPU
		{65772131-BDF4-4AD2-9D70-00F3C474770C}.Release|Any CPU.ActiveCfg = Release|Any CPU
		{65772131-BDF4-4AD2-9D70-00F3C474770C}.Release|Any CPU.Build.0 = Release|Any CPU
		{19551829-4FCB-4B9F-8DA1-C18EAA70959E}.Debug|Any CPU.ActiveCfg = Debug|Any CPU
		{19551829-4FCB-4B9F-8DA1-C18EAA70959E}.Debug|Any CPU.Build.0 = Debug|Any CPU
		{19551829-4FCB-4B9F-8DA1-C18EAA70959E}.Release|Any CPU.ActiveCfg = Release|Any CPU
		{19551829-4FCB-4B9F-8DA1-C18EAA70959E}.Release|Any CPU.Build.0 = Release|Any CPU
		{040C8ED9-2BF6-4FAF-B26D-2179AA85811C}.Debug|Any CPU.ActiveCfg = Debug|Any CPU
		{040C8ED9-2BF6-4FAF-B26D-2179AA85811C}.Debug|Any CPU.Build.0 = Debug|Any CPU
		{040C8ED9-2BF6-4FAF-B26D-2179AA85811C}.Release|Any CPU.ActiveCfg = Release|Any CPU
		{040C8ED9-2BF6-4FAF-B26D-2179AA85811C}.Release|Any CPU.Build.0 = Release|Any CPU
		{2FB799B3-2400-4ADC-8C9D-2B5096EE5F7F}.Debug|Any CPU.ActiveCfg = Debug|Any CPU
		{2FB799B3-2400-4ADC-8C9D-2B5096EE5F7F}.Debug|Any CPU.Build.0 = Debug|Any CPU
		{2FB799B3-2400-4ADC-8C9D-2B5096EE5F7F}.Release|Any CPU.ActiveCfg = Release|Any CPU
		{2FB799B3-2400-4ADC-8C9D-2B5096EE5F7F}.Release|Any CPU.Build.0 = Release|Any CPU
		{69C73C0D-D686-4543-A836-A2419738D9F5}.Debug|Any CPU.ActiveCfg = Debug|Any CPU
		{69C73C0D-D686-4543-A836-A2419738D9F5}.Debug|Any CPU.Build.0 = Debug|Any CPU
		{69C73C0D-D686-4543-A836-A2419738D9F5}.Release|Any CPU.ActiveCfg = Release|Any CPU
		{69C73C0D-D686-4543-A836-A2419738D9F5}.Release|Any CPU.Build.0 = Release|Any CPU
		{EC2F7350-D8B2-4051-A125-8B4B07932FF1}.Debug|Any CPU.ActiveCfg = Debug|Any CPU
		{EC2F7350-D8B2-4051-A125-8B4B07932FF1}.Debug|Any CPU.Build.0 = Debug|Any CPU
		{EC2F7350-D8B2-4051-A125-8B4B07932FF1}.Release|Any CPU.ActiveCfg = Release|Any CPU
		{EC2F7350-D8B2-4051-A125-8B4B07932FF1}.Release|Any CPU.Build.0 = Release|Any CPU
		{10DDA7E4-CD99-48BA-907B-AC36A3CADBE5}.Debug|Any CPU.ActiveCfg = Debug|Any CPU
		{10DDA7E4-CD99-48BA-907B-AC36A3CADBE5}.Debug|Any CPU.Build.0 = Debug|Any CPU
		{10DDA7E4-CD99-48BA-907B-AC36A3CADBE5}.Release|Any CPU.ActiveCfg = Release|Any CPU
		{10DDA7E4-CD99-48BA-907B-AC36A3CADBE5}.Release|Any CPU.Build.0 = Release|Any CPU
		{33B1010D-B15C-4556-8725-BAE714E17EB2}.Debug|Any CPU.ActiveCfg = Debug|Any CPU
		{33B1010D-B15C-4556-8725-BAE714E17EB2}.Debug|Any CPU.Build.0 = Debug|Any CPU
		{33B1010D-B15C-4556-8725-BAE714E17EB2}.Release|Any CPU.ActiveCfg = Release|Any CPU
		{33B1010D-B15C-4556-8725-BAE714E17EB2}.Release|Any CPU.Build.0 = Release|Any CPU
		{EADE889E-B051-4335-BAFE-8A7468FB2A22}.Debug|Any CPU.ActiveCfg = Debug|Any CPU
		{EADE889E-B051-4335-BAFE-8A7468FB2A22}.Debug|Any CPU.Build.0 = Debug|Any CPU
		{EADE889E-B051-4335-BAFE-8A7468FB2A22}.Release|Any CPU.ActiveCfg = Release|Any CPU
		{EADE889E-B051-4335-BAFE-8A7468FB2A22}.Release|Any CPU.Build.0 = Release|Any CPU
		{7E325F7A-5733-4795-AAC4-37045D17785E}.Debug|Any CPU.ActiveCfg = Debug|Any CPU
		{7E325F7A-5733-4795-AAC4-37045D17785E}.Debug|Any CPU.Build.0 = Debug|Any CPU
		{7E325F7A-5733-4795-AAC4-37045D17785E}.Release|Any CPU.ActiveCfg = Release|Any CPU
		{7E325F7A-5733-4795-AAC4-37045D17785E}.Release|Any CPU.Build.0 = Release|Any CPU
	EndGlobalSection
	GlobalSection(SolutionProperties) = preSolution
		HideSolutionNode = FALSE
	EndGlobalSection
	GlobalSection(NestedProjects) = preSolution
		{FA85886C-B8A2-49A9-A4B5-8873960F5B66} = {02EA681E-C7D8-13C7-8484-4AC65E1B71E8}
		{F3B1406D-C2F0-41D1-8A5B-7311DB77361B} = {02EA681E-C7D8-13C7-8484-4AC65E1B71E8}
		{C4FAAC70-DC50-4231-87F2-A37DF4F2A1E2} = {02EA681E-C7D8-13C7-8484-4AC65E1B71E8}
		{C6012A19-8324-431B-9B7A-F6C58C7DE331} = {6E508F6E-08BF-409E-B69F-A4BA9ED31E85}
		{5F6AC228-1B1A-45B1-9F3B-B6CD34BCF80A} = {6E508F6E-08BF-409E-B69F-A4BA9ED31E85}
		{451E5AD7-D017-4825-990F-E1122A186656} = {6E508F6E-08BF-409E-B69F-A4BA9ED31E85}
		{C0326E30-875E-41FA-AE2F-74BEE29FAB5F} = {61A373CD-76C7-42DB-AFF1-9DD691FBEB24}
		{62439692-C532-42FD-8A49-0B2886DA7988} = {61A373CD-76C7-42DB-AFF1-9DD691FBEB24}
		{62BC24DE-D067-46B5-8F3D-62E0410F2D0D} = {61A373CD-76C7-42DB-AFF1-9DD691FBEB24}
		{50147E17-521D-49F0-8F7E-B6A4CD1C8ED7} = {6368BDAD-0A28-4147-B425-0587504C152D}
		{0E142D62-6DB7-4A7B-A0D3-FA02BE215CD9} = {6368BDAD-0A28-4147-B425-0587504C152D}
		{9B661FB8-FD72-4FCB-8EBA-9AEE8668D0D7} = {6368BDAD-0A28-4147-B425-0587504C152D}
		{C2946E82-F3C3-48E2-8CD5-CEDE0E131A3C} = {6D01FCBF-0622-442B-9DF2-2F236CA4717D}
		{11D8A99C-23A4-4D53-B1A6-FA66E3927B8E} = {6D01FCBF-0622-442B-9DF2-2F236CA4717D}
		{65772131-BDF4-4AD2-9D70-00F3C474770C} = {6D01FCBF-0622-442B-9DF2-2F236CA4717D}
		{19551829-4FCB-4B9F-8DA1-C18EAA70959E} = {24E2BF51-FB44-4481-8574-65A2E19D356B}
		{040C8ED9-2BF6-4FAF-B26D-2179AA85811C} = {24E2BF51-FB44-4481-8574-65A2E19D356B}
		{2FB799B3-2400-4ADC-8C9D-2B5096EE5F7F} = {24E2BF51-FB44-4481-8574-65A2E19D356B}
		{69C73C0D-D686-4543-A836-A2419738D9F5} = {0D103EE2-637C-447B-BC15-5398FD461C11}
		{EC2F7350-D8B2-4051-A125-8B4B07932FF1} = {0D103EE2-637C-447B-BC15-5398FD461C11}
		{10DDA7E4-CD99-48BA-907B-AC36A3CADBE5} = {0D103EE2-637C-447B-BC15-5398FD461C11}
		{33B1010D-B15C-4556-8725-BAE714E17EB2} = {8C982215-8297-49D5-923B-E20E7E5C68F6}
		{EADE889E-B051-4335-BAFE-8A7468FB2A22} = {8C982215-8297-49D5-923B-E20E7E5C68F6}
		{7E325F7A-5733-4795-AAC4-37045D17785E} = {8C982215-8297-49D5-923B-E20E7E5C68F6}
	EndGlobalSection
	GlobalSection(ExtensibilityGlobals) = postSolution
		SolutionGuid = {54708B6B-4265-47A9-B824-B692DB555079}
	EndGlobalSection
EndGlobal
