
Microsoft Visual Studio Solution File, Format Version 12.00
# Visual Studio Version 17
VisualStudioVersion = 17.14.36518.9 d17.14
MinimumVisualStudioVersion = 10.0.40219.1
Project("{2150E333-8FDC-42A3-9474-1A3956D46DE8}") = "Task0", "Task0", "{02EA681E-C7D8-13C7-8484-4AC65E1B71E8}"
EndProject
Project("{FAE04EC0-301F-11D3-BF4B-00C04F79EFBC}") = "Tyuiu.SokolovaHS.Sprint5.Task0.V30", "Tyuiu.SokolovaHS.Sprint5.Task0.V30\Tyuiu.SokolovaHS.Sprint5.Task0.V30.csproj", "{FA85886C-B8A2-49A9-A4B5-8873960F5B66}"
EndProject
Project("{FAE04EC0-301F-11D3-BF4B-00C04F79EFBC}") = "Tyuiu.SokolovaHS.Sprint5.Task0.V30.Lib", "Tyuiu.SokolovaHS.Sprint5.Task0.V30.Lib\Tyuiu.SokolovaHS.Sprint5.Task0.V30.Lib.csproj", "{F3B1406D-C2F0-41D1-8A5B-7311DB77361B}"
EndProject
Project("{FAE04EC0-301F-11D3-BF4B-00C04F79EFBC}") = "Tyuiu.SokolovaHS.Sprint5.Task0.V30.Test", "Tyuiu.SokolovaHS.Sprint5.Task0.V30.Test\Tyuiu.SokolovaHS.Sprint5.Task0.V30.Test.csproj", "{C4FAAC70-DC50-4231-87F2-A37DF4F2A1E2}"
EndProject
Project("{2150E333-8FDC-42A3-9474-1A3956D46DE8}") = "Task1", "Task1", "{6E508F6E-08BF-409E-B69F-A4BA9ED31E85}"
EndProject
Project("{FAE04EC0-301F-11D3-BF4B-00C04F79EFBC}") = "Tyuiu.SokolovaHS.Sprint5.Task1.V14", "Tyuiu.SokolovaHS.Sprint5.Task1.V14\Tyuiu.SokolovaHS.Sprint5.Task1.V14.csproj", "{C6012A19-8324-431B-9B7A-F6C58C7DE331}"
EndProject
Project("{FAE04EC0-301F-11D3-BF4B-00C04F79EFBC}") = "Tyuiu.SokolovaHS.Sprint5.Task1.V14.Lib", "Tyuiu.SokolovaHS.Sprint5.Task1.V14.Lib\Tyuiu.SokolovaHS.Sprint5.Task1.V14.Lib.csproj", "{5F6AC228-1B1A-45B1-9F3B-B6CD34BCF80A}"
EndProject
Project("{FAE04EC0-301F-11D3-BF4B-00C04F79EFBC}") = "Tyuiu.SokolovaHS.Sprint5.Task1.V14.Test", "Tyuiu.SokolovaHS.Sprint5.Task1.V14.Test\Tyuiu.SokolovaHS.Sprint5.Task1.V14.Test.csproj", "{451E5AD7-D017-4825-990F-E1122A186656}"
EndProject
Project("{2150E333-8FDC-42A3-9474-1A3956D46DE8}") = "Task2", "Task2", "{61A373CD-76C7-42DB-AFF1-9DD691FBEB24}"
EndProject
Project("{FAE04EC0-301F-11D3-BF4B-00C04F79EFBC}") = "Tyuiu.SokolovaHS.Sprint5.Task2.V17", "Tyuiu.SokolovaHS.Sprint5.Task2.V17\Tyuiu.SokolovaHS.Sprint5.Task2.V17.csproj", "{C0326E30-875E-41FA-AE2F-74BEE29FAB5F}"
EndProject
Project("{FAE04EC0-301F-11D3-BF4B-00C04F79EFBC}") = "Tyuiu.SokolovaHS.Sprint5.Task2.V17.Lib", "Tyuiu.SokolovaHS.Sprint5.Task2.V17.Lib\Tyuiu.SokolovaHS.Sprint5.Task2.V17.Lib.csproj", "{62439692-C532-42FD-8A49-0B2886DA7988}"
EndProject
Project("{FAE04EC0-301F-11D3-BF4B-00C04F79EFBC}") = "Tyuiu.SokolovaHS.Sprint5.Task2.V17.Test", "Tyuiu.SokolovaHS.Sprint5.Task2.V17.Test\Tyuiu.SokolovaHS.Sprint5.Task2.V17.Test.csproj", "{62BC24DE-D067-46B5-8F3D-62E0410F2D0D}"
EndProject
Global
	GlobalSection(SolutionConfigurationPlatforms) = preSolution
		Debug|Any CPU = Debug|Any CPU
		Release|Any CPU = Release|Any CPU
	EndGlobalSection
	GlobalSection(ProjectConfigurationPlatforms) = postSolution
		{FA85886C-B8A2-49A9-A4B5-8873960F5B66}.Debug|Any CPU.ActiveCfg = Debug|Any CPU
		{FA85886C-B8A2-49A9-A4B5-8873960F5B66}.Debug|Any CPU.Build.0 = Debug|Any CPU
		{FA85886C-B8A2-49A9-A4B5-8873960F5B66}.Release|Any CPU.ActiveCfg = Release|Any CPU
		{FA85886C-B8A2-49A9-A4B5-8873960F5B66}.Release|Any CPU.Build.0 = Release|Any CPU
		{F3B1406D-C2F0-41D1-8A5B-7311DB77361B}.Debug|Any CPU.ActiveCfg = Debug|Any CPU
		{F3B1406D-C2F0-41D1-8A5B-7311DB77361B}.Debug|Any CPU.Build.0 = Debug|Any CPU
		{F3B1406D-C2F0-41D1-8A5B-7311DB77361B}.Release|Any CPU.ActiveCfg = Release|Any CPU
		{F3B1406D-C2F0-41D1-8A5B-7311DB77361B}.Release|Any CPU.Build.0 = Release|Any CPU
		{C4FAAC70-DC50-4231-87F2-A37DF4F2A1E2}.Debug|Any CPU.ActiveCfg = Debug|Any CPU
		{C4FAAC70-DC50-4231-87F2-A37DF4F2A1E2}.Debug|Any CPU.Build.0 = Debug|Any CPU
		{C4FAAC70-DC50-4231-87F2-A37DF4F2A1E2}.Release|Any CPU.ActiveCfg = Release|Any CPU
		{C4FAAC70-DC50-4231-87F2-A37DF4F2A1E2}.Release|Any CPU.Build.0 = Release|Any CPU
		{C6012A19-8324-431B-9B7A-F6C58C7DE331}.Debug|Any CPU.ActiveCfg = Debug|Any CPU
		{C6012A19-8324-431B-9B7A-F6C58C7DE331}.Debug|Any CPU.Build.0 = Debug|Any CPU
		{C6012A19-8324-431B-9B7A-F6C58C7DE331}.Release|Any CPU.ActiveCfg = Release|Any CPU
		{C6012A19-8324-431B-9B7A-F6C58C7DE331}.Release|Any CPU.Build.0 = Release|Any CPU
		{5F6AC228-1B1A-45B1-9F3B-B6CD34BCF80A}.Debug|Any CPU.ActiveCfg = Debug|Any CPU
		{5F6AC228-1B1A-45B1-9F3B-B6CD34BCF80A}.Debug|Any CPU.Build.0 = Debug|Any CPU
		{5F6AC228-1B1A-45B1-9F3B-B6CD34BCF80A}.Release|Any CPU.ActiveCfg = Release|Any CPU
		{5F6AC228-1B1A-45B1-9F3B-B6CD34BCF80A}.Release|Any CPU.Build.0 = Release|Any CPU
		{451E5AD7-D017-4825-990F-E1122A186656}.Debug|Any CPU.ActiveCfg = Debug|Any CPU
		{451E5AD7-D017-4825-990F-E1122A186656}.Debug|Any CPU.Build.0 = Debug|Any CPU
		{451E5AD7-D017-4825-990F-E1122A186656}.Release|Any CPU.ActiveCfg = Release|Any CPU
		{451E5AD7-D017-4825-990F-E1122A186656}.Release|Any CPU.Build.0 = Release|Any CPU
		{C0326E30-875E-41FA-AE2F-74BEE29FAB5F}.Debug|Any CPU.ActiveCfg = Debug|Any CPU
		{C0326E30-875E-41FA-AE2F-74BEE29FAB5F}.Debug|Any CPU.Build.0 = Debug|Any CPU
		{C0326E30-875E-41FA-AE2F-74BEE29FAB5F}.Release|Any CPU.ActiveCfg = Release|Any CPU
		{C0326E30-875E-41FA-AE2F-74BEE29FAB5F}.Release|Any CPU.Build.0 = Release|Any CPU
		{62439692-C532-42FD-8A49-0B2886DA7988}.Debug|Any CPU.ActiveCfg = Debug|Any CPU
		{62439692-C532-42FD-8A49-0B2886DA7988}.Debug|Any CPU.Build.0 = Debug|Any CPU
		{62439692-C532-42FD-8A49-0B2886DA7988}.Release|Any CPU.ActiveCfg = Release|Any CPU
		{62439692-C532-42FD-8A49-0B2886DA7988}.Release|Any CPU.Build.0 = Release|Any CPU
		{62BC24DE-D067-46B5-8F3D-62E0410F2D0D}.Debug|Any CPU.ActiveCfg = Debug|Any CPU
		{62BC24DE-D067-46B5-8F3D-62E0410F2D0D}.Debug|Any CPU.Build.0 = Debug|Any CPU
		{62BC24DE-D067-46B5-8F3D-62E0410F2D0D}.Release|Any CPU.ActiveCfg = Release|Any CPU
		{62BC24DE-D067-46B5-8F3D-62E0410F2D0D}.Release|Any CPU.Build.0 = Release|Any CPU
	EndGlobalSection
	GlobalSection(SolutionProperties) = preSolution
		HideSolutionNode = FALSE
	EndGlobalSection
	GlobalSection(NestedProjects) = preSolution
		{FA85886C-B8A2-49A9-A4B5-8873960F5B66} = {02EA681E-C7D8-13C7-8484-4AC65E1B71E8}
		{F3B1406D-C2F0-41D1-8A5B-7311DB77361B} = {02EA681E-C7D8-13C7-8484-4AC65E1B71E8}
		{C4FAAC70-DC50-4231-87F2-A37DF4F2A1E2} = {02EA681E-C7D8-13C7-8484-4AC65E1B71E8}
		{C6012A19-8324-431B-9B7A-F6C58C7DE331} = {6E508F6E-08BF-409E-B69F-A4BA9ED31E85}
		{5F6AC228-1B1A-45B1-9F3B-B6CD34BCF80A} = {6E508F6E-08BF-409E-B69F-A4BA9ED31E85}
		{451E5AD7-D017-4825-990F-E1122A186656} = {6E508F6E-08BF-409E-B69F-A4BA9ED31E85}
		{C0326E30-875E-41FA-AE2F-74BEE29FAB5F} = {61A373CD-76C7-42DB-AFF1-9DD691FBEB24}
		{62439692-C532-42FD-8A49-0B2886DA7988} = {61A373CD-76C7-42DB-AFF1-9DD691FBEB24}
		{62BC24DE-D067-46B5-8F3D-62E0410F2D0D} = {61A373CD-76C7-42DB-AFF1-9DD691FBEB24}
	EndGlobalSection
	GlobalSection(ExtensibilityGlobals) = postSolution
		SolutionGuid = {54708B6B-4265-47A9-B824-B692DB555079}
	EndGlobalSection
EndGlobal
