
Microsoft Visual Studio Solution File, Format Version 12.00
# Visual Studio Version 17
VisualStudioVersion = 17.14.36518.9 d17.14
MinimumVisualStudioVersion = 10.0.40219.1
Project("{2150E333-8FDC-42A3-9474-1A3956D46DE8}") = "Task0", "Task0", "{02EA681E-C7D8-13C7-8484-4AC65E1B71E8}"
EndProject
Project("{FAE04EC0-301F-11D3-BF4B-00C04F79EFBC}") = "Tyuiu.SokolovaHS.Sprint5.Task0.V30", "Tyuiu.SokolovaHS.Sprint5.Task0.V30\Tyuiu.SokolovaHS.Sprint5.Task0.V30.csproj", "{FA85886C-B8A2-49A9-A4B5-8873960F5B66}"
EndProject
Project("{FAE04EC0-301F-11D3-BF4B-00C04F79EFBC}") = "Tyuiu.SokolovaHS.Sprint5.Task0.V30.Lib", "Tyuiu.SokolovaHS.Sprint5.Task0.V30.Lib\Tyuiu.SokolovaHS.Sprint5.Task0.V30.Lib.csproj", "{F3B1406D-C2F0-41D1-8A5B-7311DB77361B}"
EndProject
Project("{FAE04EC0-301F-11D3-BF4B-00C04F79EFBC}") = "Tyuiu.SokolovaHS.Sprint5.Task0.V30.Test", "Tyuiu.SokolovaHS.Sprint5.Task0.V30.Test\Tyuiu.SokolovaHS.Sprint5.Task0.V30.Test.csproj", "{C4FAAC70-DC50-4231-87F2-A37DF4F2A1E2}"
EndProject
Global
	GlobalSection(SolutionConfigurationPlatforms) = preSolution
		Debug|Any CPU = Debug|Any CPU
		Release|Any CPU = Release|Any CPU
	EndGlobalSection
	GlobalSection(ProjectConfigurationPlatforms) = postSolution
		{FA85886C-B8A2-49A9-A4B5-8873960F5B66}.Debug|Any CPU.ActiveCfg = Debug|Any CPU
		{FA85886C-B8A2-49A9-A4B5-8873960F5B66}.Debug|Any CPU.Build.0 = Debug|Any CPU
		{FA85886C-B8A2-49A9-A4B5-8873960F5B66}.Release|Any CPU.ActiveCfg = Release|Any CPU
		{FA85886C-B8A2-49A9-A4B5-8873960F5B66}.Release|Any CPU.Build.0 = Release|Any CPU
		{F3B1406D-C2F0-41D1-8A5B-7311DB77361B}.Debug|Any CPU.ActiveCfg = Debug|Any CPU
		{F3B1406D-C2F0-41D1-8A5B-7311DB77361B}.Debug|Any CPU.Build.0 = Debug|Any CPU
		{F3B1406D-C2F0-41D1-8A5B-7311DB77361B}.Release|Any CPU.ActiveCfg = Release|Any CPU
		{F3B1406D-C2F0-41D1-8A5B-7311DB77361B}.Release|Any CPU.Build.0 = Release|Any CPU
		{C4FAAC70-DC50-4231-87F2-A37DF4F2A1E2}.Debug|Any CPU.ActiveCfg = Debug|Any CPU
		{C4FAAC70-DC50-4231-87F2-A37DF4F2A1E2}.Debug|Any CPU.Build.0 = Debug|Any CPU
		{C4FAAC70-DC50-4231-87F2-A37DF4F2A1E2}.Release|Any CPU.ActiveCfg = Release|Any CPU
		{C4FAAC70-DC50-4231-87F2-A37DF4F2A1E2}.Release|Any CPU.Build.0 = Release|Any CPU
	EndGlobalSection
	GlobalSection(SolutionProperties) = preSolution
		HideSolutionNode = FALSE
	EndGlobalSection
	GlobalSection(NestedProjects) = preSolution
		{FA85886C-B8A2-49A9-A4B5-8873960F5B66} = {02EA681E-C7D8-13C7-8484-4AC65E1B71E8}
		{F3B1406D-C2F0-41D1-8A5B-7311DB77361B} = {02EA681E-C7D8-13C7-8484-4AC65E1B71E8}
		{C4FAAC70-DC50-4231-87F2-A37DF4F2A1E2} = {02EA681E-C7D8-13C7-8484-4AC65E1B71E8}
	EndGlobalSection
	GlobalSection(ExtensibilityGlobals) = postSolution
		SolutionGuid = {54708B6B-4265-47A9-B824-B692DB555079}
	EndGlobalSection
EndGlobal
